
Microsoft Visual Studio Solution File, Format Version 12.00
# Visual Studio Version 16
VisualStudioVersion = 16.0.30128.74
MinimumVisualStudioVersion = 10.0.40219.1
Project("{FAE04EC0-301F-11D3-BF4B-00C04F79EFBC}") = "Phoenix String Decryptor", "Phoenix String Decryptor\Phoenix String Decryptor.csproj", "{B6716EB6-876A-4B6C-9ECD-132D2932ED98}"
EndProject
Global
	GlobalSection(SolutionConfigurationPlatforms) = preSolution
		Debug|Any CPU = Debug|Any CPU
		Release|Any CPU = Release|Any CPU
	EndGlobalSection
	GlobalSection(ProjectConfigurationPlatforms) = postSolution
		{B6716EB6-876A-4B6C-9ECD-132D2932ED98}.Debug|Any CPU.ActiveCfg = Debug|Any CPU
		{B6716EB6-876A-4B6C-9ECD-132D2932ED98}.Debug|Any CPU.Build.0 = Debug|Any CPU
		{B6716EB6-876A-4B6C-9ECD-132D2932ED98}.Release|Any CPU.ActiveCfg = Release|Any CPU
		{B6716EB6-876A-4B6C-9ECD-132D2932ED98}.Release|Any CPU.Build.0 = Release|Any CPU
	EndGlobalSection
	GlobalSection(SolutionProperties) = preSolution
		HideSolutionNode = FALSE
	EndGlobalSection
	GlobalSection(ExtensibilityGlobals) = postSolution
		SolutionGuid = {4A427C04-D588-454C-8ED2-434ADE86C05A}
	EndGlobalSection
EndGlobal
